// !$*UTF8*$!
{
	archiveVersion = 1;
	classes = {
	};
	objectVersion = 46;
	objects = {

/* Begin PBXBuildFile section */
		34A542011D63063800B0675A /* main.cpp in Sources */ = {isa = PBXBuildFile; fileRef = 34A542001D63063800B0675A /* main.cpp */; };
		34A542081D631ACE00B0675A /* SDL2.framework in Frameworks */ = {isa = PBXBuildFile; fileRef = 34A542071D631ACE00B0675A /* SDL2.framework */; };
		34A5420E1D631C2A00B0675A /* libavcodec.dylib in Frameworks */ = {isa = PBXBuildFile; fileRef = 34A542091D631C2A00B0675A /* libavcodec.dylib */; };
		34A5420F1D631C2B00B0675A /* libavdevice.dylib in Frameworks */ = {isa = PBXBuildFile; fileRef = 34A5420A1D631C2A00B0675A /* libavdevice.dylib */; };
		34A542101D631C2B00B0675A /* libavfilter.dylib in Frameworks */ = {isa = PBXBuildFile; fileRef = 34A5420B1D631C2A00B0675A /* libavfilter.dylib */; };
		34A542111D631C2B00B0675A /* libavformat.dylib in Frameworks */ = {isa = PBXBuildFile; fileRef = 34A5420C1D631C2A00B0675A /* libavformat.dylib */; };
		34A542121D631C2B00B0675A /* libavutil.dylib in Frameworks */ = {isa = PBXBuildFile; fileRef = 34A5420D1D631C2A00B0675A /* libavutil.dylib */; };
		34A542141D6355BD00B0675A /* libswscale.dylib in Frameworks */ = {isa = PBXBuildFile; fileRef = 34A542131D6355BD00B0675A /* libswscale.dylib */; };
/* End PBXBuildFile section */

/* Begin PBXCopyFilesBuildPhase section */
		34A541FB1D63063700B0675A /* CopyFiles */ = {
			isa = PBXCopyFilesBuildPhase;
			buildActionMask = 2147483647;
			dstPath = /usr/share/man/man1/;
			dstSubfolderSpec = 0;
			files = (
			);
			runOnlyForDeploymentPostprocessing = 1;
		};
/* End PBXCopyFilesBuildPhase section */

/* Begin PBXFileReference section */
		34A541FD1D63063700B0675A /* FFmplayer */ = {isa = PBXFileReference; explicitFileType = "compiled.mach-o.executable"; includeInIndex = 0; path = FFmplayer; sourceTree = BUILT_PRODUCTS_DIR; };
		34A542001D63063800B0675A /* main.cpp */ = {isa = PBXFileReference; lastKnownFileType = sourcecode.cpp.cpp; path = main.cpp; sourceTree = "<group>"; };
		34A542071D631ACE00B0675A /* SDL2.framework */ = {isa = PBXFileReference; lastKnownFileType = wrapper.framework; name = SDL2.framework; path = ../../../../Library/Frameworks/SDL2.framework; sourceTree = "<group>"; };
		34A542091D631C2A00B0675A /* libavcodec.dylib */ = {isa = PBXFileReference; lastKnownFileType = "compiled.mach-o.dylib"; name = libavcodec.dylib; path = ../../../../usr/local/lib/libavcodec.dylib; sourceTree = "<group>"; };
		34A5420A1D631C2A00B0675A /* libavdevice.dylib */ = {isa = PBXFileReference; lastKnownFileType = "compiled.mach-o.dylib"; name = libavdevice.dylib; path = ../../../../usr/local/lib/libavdevice.dylib; sourceTree = "<group>"; };
		34A5420B1D631C2A00B0675A /* libavfilter.dylib */ = {isa = PBXFileReference; lastKnownFileType = "compiled.mach-o.dylib"; name = libavfilter.dylib; path = ../../../../usr/local/lib/libavfilter.dylib; sourceTree = "<group>"; };
		34A5420C1D631C2A00B0675A /* libavformat.dylib */ = {isa = PBXFileReference; lastKnownFileType = "compiled.mach-o.dylib"; name = libavformat.dylib; path = ../../../../usr/local/lib/libavformat.dylib; sourceTree = "<group>"; };
		34A5420D1D631C2A00B0675A /* libavutil.dylib */ = {isa = PBXFileReference; lastKnownFileType = "compiled.mach-o.dylib"; name = libavutil.dylib; path = ../../../../usr/local/lib/libavutil.dylib; sourceTree = "<group>"; };
		34A542131D6355BD00B0675A /* libswscale.dylib */ = {isa = PBXFileReference; lastKnownFileType = "compiled.mach-o.dylib"; name = libswscale.dylib; path = ../../../../usr/local/lib/libswscale.dylib; sourceTree = "<group>"; };
/* End PBXFileReference section */

/* Begin PBXFrameworksBuildPhase section */
		34A541FA1D63063700B0675A /* Frameworks */ = {
			isa = PBXFrameworksBuildPhase;
			buildActionMask = 2147483647;
			files = (
				34A542081D631ACE00B0675A /* SDL2.framework in Frameworks */,
				34A5420E1D631C2A00B0675A /* libavcodec.dylib in Frameworks */,
				34A5420F1D631C2B00B0675A /* libavdevice.dylib in Frameworks */,
				34A542101D631C2B00B0675A /* libavfilter.dylib in Frameworks */,
				34A542141D6355BD00B0675A /* libswscale.dylib in Frameworks */,
				34A542111D631C2B00B0675A /* libavformat.dylib in Frameworks */,
				34A542121D631C2B00B0675A /* libavutil.dylib in Frameworks */,
			);
			runOnlyForDeploymentPostprocessing = 0;
		};
/* End PBXFrameworksBuildPhase section */

/* Begin PBXGroup section */
		34A541F41D63063700B0675A = {
			isa = PBXGroup;
			children = (
				34A542131D6355BD00B0675A /* libswscale.dylib */,
				34A542091D631C2A00B0675A /* libavcodec.dylib */,
				34A5420A1D631C2A00B0675A /* libavdevice.dylib */,
				34A5420B1D631C2A00B0675A /* libavfilter.dylib */,
				34A5420C1D631C2A00B0675A /* libavformat.dylib */,
				34A5420D1D631C2A00B0675A /* libavutil.dylib */,
				34A542071D631ACE00B0675A /* SDL2.framework */,
				34A541FF1D63063700B0675A /* FFmplayer */,
				34A541FE1D63063700B0675A /* Products */,
			);
			sourceTree = "<group>";
		};
		34A541FE1D63063700B0675A /* Products */ = {
			isa = PBXGroup;
			children = (
				34A541FD1D63063700B0675A /* FFmplayer */,
			);
			name = Products;
			sourceTree = "<group>";
		};
		34A541FF1D63063700B0675A /* FFmplayer */ = {
			isa = PBXGroup;
			children = (
				34A542001D63063800B0675A /* main.cpp */,
			);
			path = FFmplayer;
			sourceTree = "<group>";
		};
/* End PBXGroup section */

/* Begin PBXNativeTarget section */
		34A541FC1D63063700B0675A /* FFmplayer */ = {
			isa = PBXNativeTarget;
			buildConfigurationList = 34A542041D63063800B0675A /* Build configuration list for PBXNativeTarget "FFmplayer" */;
			buildPhases = (
				34A541F91D63063700B0675A /* Sources */,
				34A541FA1D63063700B0675A /* Frameworks */,
				34A541FB1D63063700B0675A /* CopyFiles */,
			);
			buildRules = (
			);
			dependencies = (
			);
			name = FFmplayer;
			productName = FFmplayer;
			productReference = 34A541FD1D63063700B0675A /* FFmplayer */;
			productType = "com.apple.product-type.tool";
		};
/* End PBXNativeTarget section */

/* Begin PBXProject section */
		34A541F51D63063700B0675A /* Project object */ = {
			isa = PBXProject;
			attributes = {
				LastUpgradeCheck = 0730;
				ORGANIZATIONNAME = "冯伟伦";
				TargetAttributes = {
					34A541FC1D63063700B0675A = {
						CreatedOnToolsVersion = 7.3.1;
					};
				};
			};
			buildConfigurationList = 34A541F81D63063700B0675A /* Build configuration list for PBXProject "FFmplayer" */;
			compatibilityVersion = "Xcode 3.2";
			developmentRegion = English;
			hasScannedForEncodings = 0;
			knownRegions = (
				en,
			);
			mainGroup = 34A541F41D63063700B0675A;
			productRefGroup = 34A541FE1D63063700B0675A /* Products */;
			projectDirPath = "";
			projectRoot = "";
			targets = (
				34A541FC1D63063700B0675A /* FFmplayer */,
			);
		};
/* End PBXProject section */

/* Begin PBXSourcesBuildPhase section */
		34A541F91D63063700B0675A /* Sources */ = {
			isa = PBXSourcesBuildPhase;
			buildActionMask = 2147483647;
			files = (
				34A542011D63063800B0675A /* main.cpp in Sources */,
			);
			runOnlyForDeploymentPostprocessing = 0;
		};
/* End PBXSourcesBuildPhase section */

/* Begin XCBuildConfiguration section */
		34A542021D63063800B0675A /* Debug */ = {
			isa = XCBuildConfiguration;
			buildSettings = {
				ALWAYS_SEARCH_USER_PATHS = NO;
				CLANG_ANALYZER_NONNULL = YES;
				CLANG_CXX_LANGUAGE_STANDARD = "gnu++0x";
				CLANG_CXX_LIBRARY = "libc++";
				CLANG_ENABLE_MODULES = YES;
				CLANG_ENABLE_OBJC_ARC = YES;
				CLANG_WARN_BOOL_CONVERSION = YES;
				CLANG_WARN_CONSTANT_CONVERSION = YES;
				CLANG_WARN_DIRECT_OBJC_ISA_USAGE = YES_ERROR;
				CLANG_WARN_EMPTY_BODY = YES;
				CLANG_WARN_ENUM_CONVERSION = YES;
				CLANG_WARN_INT_CONVERSION = YES;
				CLANG_WARN_OBJC_ROOT_CLASS = YES_ERROR;
				CLANG_WARN_UNREACHABLE_CODE = YES;
				CLANG_WARN__DUPLICATE_METHOD_MATCH = YES;
				CODE_SIGN_IDENTITY = "-";
				COPY_PHASE_STRIP = NO;
				DEBUG_INFORMATION_FORMAT = dwarf;
				ENABLE_STRICT_OBJC_MSGSEND = YES;
				ENABLE_TESTABILITY = YES;
				GCC_C_LANGUAGE_STANDARD = gnu99;
				GCC_DYNAMIC_NO_PIC = NO;
				GCC_NO_COMMON_BLOCKS = YES;
				GCC_OPTIMIZATION_LEVEL = 0;
				GCC_PREPROCESSOR_DEFINITIONS = (
					"DEBUG=1",
					"$(inherited)",
				);
				GCC_WARN_64_TO_32_BIT_CONVERSION = YES;
				GCC_WARN_ABOUT_RETURN_TYPE = YES_ERROR;
				GCC_WARN_UNDECLARED_SELECTOR = YES;
				GCC_WARN_UNINITIALIZED_AUTOS = YES_AGGRESSIVE;
				GCC_WARN_UNUSED_FUNCTION = YES;
				GCC_WARN_UNUSED_VARIABLE = YES;
				MACOSX_DEPLOYMENT_TARGET = 10.11;
				MTL_ENABLE_DEBUG_INFO = YES;
				ONLY_ACTIVE_ARCH = YES;
				SDKROOT = macosx;
			};
			name = Debug;
		};
		34A542031D63063800B0675A /* Release */ = {
			isa = XCBuildConfiguration;
			buildSettings = {
				ALWAYS_SEARCH_USER_PATHS = NO;
				CLANG_ANALYZER_NONNULL = YES;
				CLANG_CXX_LANGUAGE_STANDARD = "gnu++0x";
				CLANG_CXX_LIBRARY = "libc++";
				CLANG_ENABLE_MODULES = YES;
				CLANG_ENABLE_OBJC_ARC = YES;
				CLANG_WARN_BOOL_CONVERSION = YES;
				CLANG_WARN_CONSTANT_CONVERSION = YES;
				CLANG_WARN_DIRECT_OBJC_ISA_USAGE = YES_ERROR;
				CLANG_WARN_EMPTY_BODY = YES;
				CLANG_WARN_ENUM_CONVERSION = YES;
				CLANG_WARN_INT_CONVERSION = YES;
				CLANG_WARN_OBJC_ROOT_CLASS = YES_ERROR;
				CLANG_WARN_UNREACHABLE_CODE = YES;
				CLANG_WARN__DUPLICATE_METHOD_MATCH = YES;
				CODE_SIGN_IDENTITY = "-";
				COPY_PHASE_STRIP = NO;
				DEBUG_INFORMATION_FORMAT = "dwarf-with-dsym";
				ENABLE_NS_ASSERTIONS = NO;
				ENABLE_STRICT_OBJC_MSGSEND = YES;
				GCC_C_LANGUAGE_STANDARD = gnu99;
				GCC_NO_COMMON_BLOCKS = YES;
				GCC_WARN_64_TO_32_BIT_CONVERSION = YES;
				GCC_WARN_ABOUT_RETURN_TYPE = YES_ERROR;
				GCC_WARN_UNDECLARED_SELECTOR = YES;
				GCC_WARN_UNINITIALIZED_AUTOS = YES_AGGRESSIVE;
				GCC_WARN_UNUSED_FUNCTION = YES;
				GCC_WARN_UNUSED_VARIABLE = YES;
				MACOSX_DEPLOYMENT_TARGET = 10.11;
				MTL_ENABLE_DEBUG_INFO = NO;
				SDKROOT = macosx;
			};
			name = Release;
		};
		34A542051D63063800B0675A /* Debug */ = {
			isa = XCBuildConfiguration;
			buildSettings = {
				FRAMEWORK_SEARCH_PATHS = (
					"$(inherited)",
					"$(LOCAL_LIBRARY_DIR)/Frameworks",
				);
				LD_DYLIB_INSTALL_NAME = "";
				OTHER_CFLAGS = "-I/usr/local/include";
				OTHER_LDFLAGS = "-L/usr/local/lib";
				OTHER_LIBTOOLFLAGS = "";
				PRELINK_LIBS = "";
				PRODUCT_NAME = "$(TARGET_NAME)";
			};
			name = Debug;
		};
		34A542061D63063800B0675A /* Release */ = {
			isa = XCBuildConfiguration;
			buildSettings = {
				FRAMEWORK_SEARCH_PATHS = (
					"$(inherited)",
					"$(LOCAL_LIBRARY_DIR)/Frameworks",
				);
				LD_DYLIB_INSTALL_NAME = "";
				OTHER_CFLAGS = "-I/usr/local/include";
				OTHER_LDFLAGS = "-L/usr/local/lib";
				OTHER_LIBTOOLFLAGS = "";
				PRELINK_LIBS = "";
				PRODUCT_NAME = "$(TARGET_NAME)";
			};
			name = Release;
		};
/* End XCBuildConfiguration section */

/* Begin XCConfigurationList section */
		34A541F81D63063700B0675A /* Build configuration list for PBXProject "FFmplayer" */ = {
			isa = XCConfigurationList;
			buildConfigurations = (
				34A542021D63063800B0675A /* Debug */,
				34A542031D63063800B0675A /* Release */,
			);
			defaultConfigurationIsVisible = 0;
			defaultConfigurationName = Release;
		};
		34A542041D63063800B0675A /* Build configuration list for PBXNativeTarget "FFmplayer" */ = {
			isa = XCConfigurationList;
			buildConfigurations = (
				34A542051D63063800B0675A /* Debug */,
				34A542061D63063800B0675A /* Release */,
			);
			defaultConfigurationIsVisible = 0;
			defaultConfigurationName = Release;
		};
/* End XCConfigurationList section */
	};
	rootObject = 34A541F51D63063700B0675A /* Project object */;
}
